
Microsoft Visual Studio Solution File, Format Version 12.00
# Visual Studio 2013
VisualStudioVersion = 12.0.21005.1
MinimumVisualStudioVersion = 10.0.40219.1
Project("{FAE04EC0-301F-11D3-BF4B-00C04F79EFBC}") = "ContactsProject2", "ContactsProject2\ContactsProject2.csproj", "{4BCB5D4F-3F7A-45C6-89F2-0DBF6C20B443}"
EndProject
Project("{FAE04EC0-301F-11D3-BF4B-00C04F79EFBC}") = "Data", "Data\Data.csproj", "{FC4ED8B6-79B5-44DA-BD6B-6B0BA7401EEF}"
EndProject
Project("{FAE04EC0-301F-11D3-BF4B-00C04F79EFBC}") = "UnitTests", "UnitTests\UnitTests.csproj", "{9D3F0D61-2307-40C7-BBBF-7774C8DC558C}"
EndProject
Project("{FAE04EC0-301F-11D3-BF4B-00C04F79EFBC}") = "Extension", "Extension\Extension.csproj", "{FDD4B278-BE54-4EB2-8DFE-4DF9E149B302}"
EndProject
Global
	GlobalSection(SolutionConfigurationPlatforms) = preSolution
		Debug|Any CPU = Debug|Any CPU
		Release|Any CPU = Release|Any CPU
	EndGlobalSection
	GlobalSection(ProjectConfigurationPlatforms) = postSolution
		{4BCB5D4F-3F7A-45C6-89F2-0DBF6C20B443}.Debug|Any CPU.ActiveCfg = Debug|Any CPU
		{4BCB5D4F-3F7A-45C6-89F2-0DBF6C20B443}.Debug|Any CPU.Build.0 = Debug|Any CPU
		{4BCB5D4F-3F7A-45C6-89F2-0DBF6C20B443}.Release|Any CPU.ActiveCfg = Release|Any CPU
		{4BCB5D4F-3F7A-45C6-89F2-0DBF6C20B443}.Release|Any CPU.Build.0 = Release|Any CPU
		{FC4ED8B6-79B5-44DA-BD6B-6B0BA7401EEF}.Debug|Any CPU.ActiveCfg = Debug|Any CPU
		{FC4ED8B6-79B5-44DA-BD6B-6B0BA7401EEF}.Debug|Any CPU.Build.0 = Debug|Any CPU
		{FC4ED8B6-79B5-44DA-BD6B-6B0BA7401EEF}.Release|Any CPU.ActiveCfg = Release|Any CPU
		{FC4ED8B6-79B5-44DA-BD6B-6B0BA7401EEF}.Release|Any CPU.Build.0 = Release|Any CPU
		{9D3F0D61-2307-40C7-BBBF-7774C8DC558C}.Debug|Any CPU.ActiveCfg = Debug|Any CPU
		{9D3F0D61-2307-40C7-BBBF-7774C8DC558C}.Debug|Any CPU.Build.0 = Debug|Any CPU
		{9D3F0D61-2307-40C7-BBBF-7774C8DC558C}.Release|Any CPU.ActiveCfg = Release|Any CPU
		{9D3F0D61-2307-40C7-BBBF-7774C8DC558C}.Release|Any CPU.Build.0 = Release|Any CPU
		{FDD4B278-BE54-4EB2-8DFE-4DF9E149B302}.Debug|Any CPU.ActiveCfg = Debug|Any CPU
		{FDD4B278-BE54-4EB2-8DFE-4DF9E149B302}.Debug|Any CPU.Build.0 = Debug|Any CPU
		{FDD4B278-BE54-4EB2-8DFE-4DF9E149B302}.Release|Any CPU.ActiveCfg = Release|Any CPU
		{FDD4B278-BE54-4EB2-8DFE-4DF9E149B302}.Release|Any CPU.Build.0 = Release|Any CPU
	EndGlobalSection
	GlobalSection(SolutionProperties) = preSolution
		HideSolutionNode = FALSE
	EndGlobalSection
EndGlobal
